
Microsoft Visual Studio Solution File, Format Version 12.00
# Visual Studio Version 16
VisualStudioVersion = 16.0.31313.79
MinimumVisualStudioVersion = 10.0.40219.1
Project("{2150E333-8FDC-42A3-9474-1A3956D46DE8}") = "Gateway", "Gateway", "{A066655A-6D1B-41CE-88BC-74E5012BB312}"
EndProject
Project("{9A19103F-16F7-4668-BE54-9A1E7A4F7556}") = "Gateway.API", "Gateway\Gateway.API\Gateway.API.csproj", "{48A1DE87-DEFB-4F4A-833B-A67800F97AD8}"
EndProject
Project("{2150E333-8FDC-42A3-9474-1A3956D46DE8}") = "Solution Items", "Solution Items", "{AD8E6980-763D-42FC-B80C-A1527EC2F543}"
	ProjectSection(SolutionItems) = preProject
		.gitignore = .gitignore
	EndProjectSection
EndProject
Project("{2150E333-8FDC-42A3-9474-1A3956D46DE8}") = "Account", "Account", "{828E9967-190B-477A-93C7-183DF76FF7F3}"
EndProject
Project("{2150E333-8FDC-42A3-9474-1A3956D46DE8}") = "Shared", "Shared", "{9E19CEE0-48F7-4AF1-834E-6227AF4FCEBD}"
EndProject
Project("{9A19103F-16F7-4668-BE54-9A1E7A4F7556}") = "Shared.Messages", "Shared\Shared.Messages\Shared.Messages.csproj", "{F7B474B9-C713-4034-9F25-949669600DFA}"
EndProject
Project("{9A19103F-16F7-4668-BE54-9A1E7A4F7556}") = "Shared.Helper", "Shared\Shared.Helper\Shared.Helper.csproj", "{2522CB1F-9784-4DC3-AD70-DDFB3972D149}"
EndProject
Project("{9A19103F-16F7-4668-BE54-9A1E7A4F7556}") = "Account.Business", "Account\Account.Business\Account.Business.csproj", "{81C69218-01BD-4197-8A9D-C2715F02F90B}"
EndProject
Project("{9A19103F-16F7-4668-BE54-9A1E7A4F7556}") = "Account.Repository", "Account\Account.Repository\Account.Repository.csproj", "{7D2B8F8E-ACF2-4D4B-8194-02CB942FECD8}"
EndProject
Project("{9A19103F-16F7-4668-BE54-9A1E7A4F7556}") = "Account.DataAccess", "Account\Account.DataAccess\Account.DataAccess.csproj", "{580C629F-A75F-42D2-9ED0-30B814F90E2F}"
EndProject
Project("{9A19103F-16F7-4668-BE54-9A1E7A4F7556}") = "Shared.Audit", "Shared\Shared.Audit\Shared.Audit.csproj", "{19356227-EC14-48B5-968E-299D5881E426}"
EndProject
Project("{9A19103F-16F7-4668-BE54-9A1E7A4F7556}") = "Shared.Constants", "Shared\Shared.Constants\Shared.Constants.csproj", "{DA65984D-F783-4A16-ABC3-A3F34E43899C}"
EndProject
Project("{9A19103F-16F7-4668-BE54-9A1E7A4F7556}") = "Account.Infra", "Account\Account.Infra\Account.Infra.csproj", "{495FA37A-93BD-4652-B0BA-94E607245349}"
EndProject
Project("{9A19103F-16F7-4668-BE54-9A1E7A4F7556}") = "Shared.Extensions", "Shared\Shared.Extensions\Shared.Extensions.csproj", "{478C804B-539A-4BE9-9F81-5A3913277137}"
EndProject
Project("{9A19103F-16F7-4668-BE54-9A1E7A4F7556}") = "Account.gRPC", "Account\Account.gRPC\Account.gRPC.csproj", "{6504C4DF-A0F1-4B0F-8713-924F053F0B43}"
EndProject
Project("{9A19103F-16F7-4668-BE54-9A1E7A4F7556}") = "Account.Api", "Account\Account.Api\Account.Api.csproj", "{D6D118F2-0CBA-40AA-BFF9-0F2284D4D41F}"
EndProject
Project("{2150E333-8FDC-42A3-9474-1A3956D46DE8}") = "Product", "Product", "{23258A11-098A-487F-BC26-9A29E2EDE580}"
EndProject
Project("{FAE04EC0-301F-11D3-BF4B-00C04F79EFBC}") = "Product.Api", "Product\Product.Api\Product.Api.csproj", "{1CF059AE-E47F-4FB5-8FBD-AD458F474AA7}"
EndProject
Project("{FAE04EC0-301F-11D3-BF4B-00C04F79EFBC}") = "Product.Business", "Product\Product.Business\Product.Business.csproj", "{0184BAEC-B0A2-4AB7-904C-3593A4575CD8}"
EndProject
Project("{FAE04EC0-301F-11D3-BF4B-00C04F79EFBC}") = "Product.Repository", "Product\Product.Repository\Product.Repository.csproj", "{C11F6D69-0AA2-451E-8C31-6112435F242C}"
EndProject
Project("{FAE04EC0-301F-11D3-BF4B-00C04F79EFBC}") = "Product.DataAccess", "Product\Product.DataAccess\Product.DataAccess.csproj", "{C624FAA8-96F4-4A8A-8220-D362EFDFD801}"
EndProject
Project("{FAE04EC0-301F-11D3-BF4B-00C04F79EFBC}") = "Product.Infra", "Product\Product.Infra\Product.Infra.csproj", "{9B7C1EA6-54A7-42CE-9107-3CAFA9FF4E9C}"
EndProject
Project("{FAE04EC0-301F-11D3-BF4B-00C04F79EFBC}") = "Shared.Error", "Shared\Shared.Error\Shared.Error.csproj", "{F35E6618-CF27-4D14-9487-AE156181793E}"
EndProject
Global
	GlobalSection(SolutionConfigurationPlatforms) = preSolution
		Debug|Any CPU = Debug|Any CPU
		Release|Any CPU = Release|Any CPU
	EndGlobalSection
	GlobalSection(ProjectConfigurationPlatforms) = postSolution
		{48A1DE87-DEFB-4F4A-833B-A67800F97AD8}.Debug|Any CPU.ActiveCfg = Debug|Any CPU
		{48A1DE87-DEFB-4F4A-833B-A67800F97AD8}.Debug|Any CPU.Build.0 = Debug|Any CPU
		{48A1DE87-DEFB-4F4A-833B-A67800F97AD8}.Release|Any CPU.ActiveCfg = Release|Any CPU
		{48A1DE87-DEFB-4F4A-833B-A67800F97AD8}.Release|Any CPU.Build.0 = Release|Any CPU
		{F7B474B9-C713-4034-9F25-949669600DFA}.Debug|Any CPU.ActiveCfg = Debug|Any CPU
		{F7B474B9-C713-4034-9F25-949669600DFA}.Debug|Any CPU.Build.0 = Debug|Any CPU
		{F7B474B9-C713-4034-9F25-949669600DFA}.Release|Any CPU.ActiveCfg = Release|Any CPU
		{F7B474B9-C713-4034-9F25-949669600DFA}.Release|Any CPU.Build.0 = Release|Any CPU
		{2522CB1F-9784-4DC3-AD70-DDFB3972D149}.Debug|Any CPU.ActiveCfg = Debug|Any CPU
		{2522CB1F-9784-4DC3-AD70-DDFB3972D149}.Debug|Any CPU.Build.0 = Debug|Any CPU
		{2522CB1F-9784-4DC3-AD70-DDFB3972D149}.Release|Any CPU.ActiveCfg = Release|Any CPU
		{2522CB1F-9784-4DC3-AD70-DDFB3972D149}.Release|Any CPU.Build.0 = Release|Any CPU
		{81C69218-01BD-4197-8A9D-C2715F02F90B}.Debug|Any CPU.ActiveCfg = Debug|Any CPU
		{81C69218-01BD-4197-8A9D-C2715F02F90B}.Debug|Any CPU.Build.0 = Debug|Any CPU
		{81C69218-01BD-4197-8A9D-C2715F02F90B}.Release|Any CPU.ActiveCfg = Release|Any CPU
		{81C69218-01BD-4197-8A9D-C2715F02F90B}.Release|Any CPU.Build.0 = Release|Any CPU
		{7D2B8F8E-ACF2-4D4B-8194-02CB942FECD8}.Debug|Any CPU.ActiveCfg = Debug|Any CPU
		{7D2B8F8E-ACF2-4D4B-8194-02CB942FECD8}.Debug|Any CPU.Build.0 = Debug|Any CPU
		{7D2B8F8E-ACF2-4D4B-8194-02CB942FECD8}.Release|Any CPU.ActiveCfg = Release|Any CPU
		{7D2B8F8E-ACF2-4D4B-8194-02CB942FECD8}.Release|Any CPU.Build.0 = Release|Any CPU
		{580C629F-A75F-42D2-9ED0-30B814F90E2F}.Debug|Any CPU.ActiveCfg = Debug|Any CPU
		{580C629F-A75F-42D2-9ED0-30B814F90E2F}.Debug|Any CPU.Build.0 = Debug|Any CPU
		{580C629F-A75F-42D2-9ED0-30B814F90E2F}.Release|Any CPU.ActiveCfg = Release|Any CPU
		{580C629F-A75F-42D2-9ED0-30B814F90E2F}.Release|Any CPU.Build.0 = Release|Any CPU
		{19356227-EC14-48B5-968E-299D5881E426}.Debug|Any CPU.ActiveCfg = Debug|Any CPU
		{19356227-EC14-48B5-968E-299D5881E426}.Debug|Any CPU.Build.0 = Debug|Any CPU
		{19356227-EC14-48B5-968E-299D5881E426}.Release|Any CPU.ActiveCfg = Release|Any CPU
		{19356227-EC14-48B5-968E-299D5881E426}.Release|Any CPU.Build.0 = Release|Any CPU
		{DA65984D-F783-4A16-ABC3-A3F34E43899C}.Debug|Any CPU.ActiveCfg = Debug|Any CPU
		{DA65984D-F783-4A16-ABC3-A3F34E43899C}.Debug|Any CPU.Build.0 = Debug|Any CPU
		{DA65984D-F783-4A16-ABC3-A3F34E43899C}.Release|Any CPU.ActiveCfg = Release|Any CPU
		{DA65984D-F783-4A16-ABC3-A3F34E43899C}.Release|Any CPU.Build.0 = Release|Any CPU
		{495FA37A-93BD-4652-B0BA-94E607245349}.Debug|Any CPU.ActiveCfg = Debug|Any CPU
		{495FA37A-93BD-4652-B0BA-94E607245349}.Debug|Any CPU.Build.0 = Debug|Any CPU
		{495FA37A-93BD-4652-B0BA-94E607245349}.Release|Any CPU.ActiveCfg = Release|Any CPU
		{495FA37A-93BD-4652-B0BA-94E607245349}.Release|Any CPU.Build.0 = Release|Any CPU
		{478C804B-539A-4BE9-9F81-5A3913277137}.Debug|Any CPU.ActiveCfg = Debug|Any CPU
		{478C804B-539A-4BE9-9F81-5A3913277137}.Debug|Any CPU.Build.0 = Debug|Any CPU
		{478C804B-539A-4BE9-9F81-5A3913277137}.Release|Any CPU.ActiveCfg = Release|Any CPU
		{478C804B-539A-4BE9-9F81-5A3913277137}.Release|Any CPU.Build.0 = Release|Any CPU
		{6504C4DF-A0F1-4B0F-8713-924F053F0B43}.Debug|Any CPU.ActiveCfg = Debug|Any CPU
		{6504C4DF-A0F1-4B0F-8713-924F053F0B43}.Debug|Any CPU.Build.0 = Debug|Any CPU
		{6504C4DF-A0F1-4B0F-8713-924F053F0B43}.Release|Any CPU.ActiveCfg = Release|Any CPU
		{6504C4DF-A0F1-4B0F-8713-924F053F0B43}.Release|Any CPU.Build.0 = Release|Any CPU
		{D6D118F2-0CBA-40AA-BFF9-0F2284D4D41F}.Debug|Any CPU.ActiveCfg = Debug|Any CPU
		{D6D118F2-0CBA-40AA-BFF9-0F2284D4D41F}.Debug|Any CPU.Build.0 = Debug|Any CPU
		{D6D118F2-0CBA-40AA-BFF9-0F2284D4D41F}.Release|Any CPU.ActiveCfg = Release|Any CPU
		{D6D118F2-0CBA-40AA-BFF9-0F2284D4D41F}.Release|Any CPU.Build.0 = Release|Any CPU
		{1CF059AE-E47F-4FB5-8FBD-AD458F474AA7}.Debug|Any CPU.ActiveCfg = Debug|Any CPU
		{1CF059AE-E47F-4FB5-8FBD-AD458F474AA7}.Debug|Any CPU.Build.0 = Debug|Any CPU
		{1CF059AE-E47F-4FB5-8FBD-AD458F474AA7}.Release|Any CPU.ActiveCfg = Release|Any CPU
		{1CF059AE-E47F-4FB5-8FBD-AD458F474AA7}.Release|Any CPU.Build.0 = Release|Any CPU
		{0184BAEC-B0A2-4AB7-904C-3593A4575CD8}.Debug|Any CPU.ActiveCfg = Debug|Any CPU
		{0184BAEC-B0A2-4AB7-904C-3593A4575CD8}.Debug|Any CPU.Build.0 = Debug|Any CPU
		{0184BAEC-B0A2-4AB7-904C-3593A4575CD8}.Release|Any CPU.ActiveCfg = Release|Any CPU
		{0184BAEC-B0A2-4AB7-904C-3593A4575CD8}.Release|Any CPU.Build.0 = Release|Any CPU
		{C11F6D69-0AA2-451E-8C31-6112435F242C}.Debug|Any CPU.ActiveCfg = Debug|Any CPU
		{C11F6D69-0AA2-451E-8C31-6112435F242C}.Debug|Any CPU.Build.0 = Debug|Any CPU
		{C11F6D69-0AA2-451E-8C31-6112435F242C}.Release|Any CPU.ActiveCfg = Release|Any CPU
		{C11F6D69-0AA2-451E-8C31-6112435F242C}.Release|Any CPU.Build.0 = Release|Any CPU
		{C624FAA8-96F4-4A8A-8220-D362EFDFD801}.Debug|Any CPU.ActiveCfg = Debug|Any CPU
		{C624FAA8-96F4-4A8A-8220-D362EFDFD801}.Debug|Any CPU.Build.0 = Debug|Any CPU
		{C624FAA8-96F4-4A8A-8220-D362EFDFD801}.Release|Any CPU.ActiveCfg = Release|Any CPU
		{C624FAA8-96F4-4A8A-8220-D362EFDFD801}.Release|Any CPU.Build.0 = Release|Any CPU
		{9B7C1EA6-54A7-42CE-9107-3CAFA9FF4E9C}.Debug|Any CPU.ActiveCfg = Debug|Any CPU
		{9B7C1EA6-54A7-42CE-9107-3CAFA9FF4E9C}.Debug|Any CPU.Build.0 = Debug|Any CPU
		{9B7C1EA6-54A7-42CE-9107-3CAFA9FF4E9C}.Release|Any CPU.ActiveCfg = Release|Any CPU
		{9B7C1EA6-54A7-42CE-9107-3CAFA9FF4E9C}.Release|Any CPU.Build.0 = Release|Any CPU
		{F35E6618-CF27-4D14-9487-AE156181793E}.Debug|Any CPU.ActiveCfg = Debug|Any CPU
		{F35E6618-CF27-4D14-9487-AE156181793E}.Debug|Any CPU.Build.0 = Debug|Any CPU
		{F35E6618-CF27-4D14-9487-AE156181793E}.Release|Any CPU.ActiveCfg = Release|Any CPU
		{F35E6618-CF27-4D14-9487-AE156181793E}.Release|Any CPU.Build.0 = Release|Any CPU
	EndGlobalSection
	GlobalSection(SolutionProperties) = preSolution
		HideSolutionNode = FALSE
	EndGlobalSection
	GlobalSection(NestedProjects) = preSolution
		{48A1DE87-DEFB-4F4A-833B-A67800F97AD8} = {A066655A-6D1B-41CE-88BC-74E5012BB312}
		{F7B474B9-C713-4034-9F25-949669600DFA} = {9E19CEE0-48F7-4AF1-834E-6227AF4FCEBD}
		{2522CB1F-9784-4DC3-AD70-DDFB3972D149} = {9E19CEE0-48F7-4AF1-834E-6227AF4FCEBD}
		{81C69218-01BD-4197-8A9D-C2715F02F90B} = {828E9967-190B-477A-93C7-183DF76FF7F3}
		{7D2B8F8E-ACF2-4D4B-8194-02CB942FECD8} = {828E9967-190B-477A-93C7-183DF76FF7F3}
		{580C629F-A75F-42D2-9ED0-30B814F90E2F} = {828E9967-190B-477A-93C7-183DF76FF7F3}
		{19356227-EC14-48B5-968E-299D5881E426} = {9E19CEE0-48F7-4AF1-834E-6227AF4FCEBD}
		{DA65984D-F783-4A16-ABC3-A3F34E43899C} = {9E19CEE0-48F7-4AF1-834E-6227AF4FCEBD}
		{495FA37A-93BD-4652-B0BA-94E607245349} = {828E9967-190B-477A-93C7-183DF76FF7F3}
		{478C804B-539A-4BE9-9F81-5A3913277137} = {9E19CEE0-48F7-4AF1-834E-6227AF4FCEBD}
		{6504C4DF-A0F1-4B0F-8713-924F053F0B43} = {828E9967-190B-477A-93C7-183DF76FF7F3}
		{D6D118F2-0CBA-40AA-BFF9-0F2284D4D41F} = {828E9967-190B-477A-93C7-183DF76FF7F3}
		{1CF059AE-E47F-4FB5-8FBD-AD458F474AA7} = {23258A11-098A-487F-BC26-9A29E2EDE580}
		{0184BAEC-B0A2-4AB7-904C-3593A4575CD8} = {23258A11-098A-487F-BC26-9A29E2EDE580}
		{C11F6D69-0AA2-451E-8C31-6112435F242C} = {23258A11-098A-487F-BC26-9A29E2EDE580}
		{C624FAA8-96F4-4A8A-8220-D362EFDFD801} = {23258A11-098A-487F-BC26-9A29E2EDE580}
		{9B7C1EA6-54A7-42CE-9107-3CAFA9FF4E9C} = {23258A11-098A-487F-BC26-9A29E2EDE580}
		{F35E6618-CF27-4D14-9487-AE156181793E} = {9E19CEE0-48F7-4AF1-834E-6227AF4FCEBD}
	EndGlobalSection
	GlobalSection(ExtensibilityGlobals) = postSolution
		SolutionGuid = {0A8C17E7-650A-4916-A308-7BBE5A3DB9EC}
	EndGlobalSection
EndGlobal
